
Microsoft Visual Studio Solution File, Format Version 12.00
# Visual Studio Version 17
VisualStudioVersion = 17.3.32929.385
MinimumVisualStudioVersion = 10.0.40219.1
Project("{FAE04EC0-301F-11D3-BF4B-00C04F79EFBC}") = "Microservices", "Microservices\Microservices.csproj", "{3CD4D4E7-D106-4F7A-8196-C8F120CE711E}"
EndProject
Global
	GlobalSection(SolutionConfigurationPlatforms) = preSolution
		Debug|Any CPU = Debug|Any CPU
		Release|Any CPU = Release|Any CPU
	EndGlobalSection
	GlobalSection(ProjectConfigurationPlatforms) = postSolution
		{3CD4D4E7-D106-4F7A-8196-C8F120CE711E}.Debug|Any CPU.ActiveCfg = Debug|Any CPU
		{3CD4D4E7-D106-4F7A-8196-C8F120CE711E}.Debug|Any CPU.Build.0 = Debug|Any CPU
		{3CD4D4E7-D106-4F7A-8196-C8F120CE711E}.Release|Any CPU.ActiveCfg = Release|Any CPU
		{3CD4D4E7-D106-4F7A-8196-C8F120CE711E}.Release|Any CPU.Build.0 = Release|Any CPU
	EndGlobalSection
	GlobalSection(SolutionProperties) = preSolution
		HideSolutionNode = FALSE
	EndGlobalSection
	GlobalSection(ExtensibilityGlobals) = postSolution
		SolutionGuid = {995229D6-FA1B-4AFE-8B24-A07DE39E5AA0}
	EndGlobalSection
EndGlobal
